
Microsoft Visual Studio Solution File, Format Version 12.00
# Visual Studio Version 17
VisualStudioVersion = 17.0.31919.166
MinimumVisualStudioVersion = 10.0.40219.1
Project("{9A19103F-16F7-4668-BE54-9A1E7A4F7556}") = "ArtGenerator", "ArtGenerator\ArtGenerator.csproj", "{F8807047-F59E-47C2-A7E5-0F9262A92F99}"
EndProject
Global
	GlobalSection(SolutionConfigurationPlatforms) = preSolution
		Debug|Any CPU = Debug|Any CPU
		Debug|x64 = Debug|x64
		Release|Any CPU = Release|Any CPU
		Release|x64 = Release|x64
	EndGlobalSection
	GlobalSection(ProjectConfigurationPlatforms) = postSolution
		{F8807047-F59E-47C2-A7E5-0F9262A92F99}.Debug|Any CPU.ActiveCfg = Debug|Any CPU
		{F8807047-F59E-47C2-A7E5-0F9262A92F99}.Debug|Any CPU.Build.0 = Debug|Any CPU
		{F8807047-F59E-47C2-A7E5-0F9262A92F99}.Debug|x64.ActiveCfg = Debug|x64
		{F8807047-F59E-47C2-A7E5-0F9262A92F99}.Debug|x64.Build.0 = Debug|x64
		{F8807047-F59E-47C2-A7E5-0F9262A92F99}.Release|Any CPU.ActiveCfg = Release|Any CPU
		{F8807047-F59E-47C2-A7E5-0F9262A92F99}.Release|Any CPU.Build.0 = Release|Any CPU
		{F8807047-F59E-47C2-A7E5-0F9262A92F99}.Release|x64.ActiveCfg = Release|x64
		{F8807047-F59E-47C2-A7E5-0F9262A92F99}.Release|x64.Build.0 = Release|x64
	EndGlobalSection
	GlobalSection(SolutionProperties) = preSolution
		HideSolutionNode = FALSE
	EndGlobalSection
	GlobalSection(ExtensibilityGlobals) = postSolution
		SolutionGuid = {D0FF1000-6560-4850-B09B-7981B3E891BD}
	EndGlobalSection
EndGlobal
